
Microsoft Visual Studio Solution File, Format Version 12.00
# Visual Studio Version 16
VisualStudioVersion = 16.0.30011.22
MinimumVisualStudioVersion = 10.0.40219.1
Project("{9A19103F-16F7-4668-BE54-9A1E7A4F7556}") = "MatchBox", "MatchBox\MatchBox.csproj", "{F351E2EA-54A1-457F-B08F-970AD9304E33}"
EndProject
Project("{FAE04EC0-301F-11D3-BF4B-00C04F79EFBC}") = "MatchBox.Contracts", "MatchBox.Contracts\MatchBox.Contracts.csproj", "{EDF18759-C0E1-47F3-81E0-8761910A1E65}"
EndProject
Global
	GlobalSection(SolutionConfigurationPlatforms) = preSolution
		Debug|Any CPU = Debug|Any CPU
		Release|Any CPU = Release|Any CPU
	EndGlobalSection
	GlobalSection(ProjectConfigurationPlatforms) = postSolution
		{F351E2EA-54A1-457F-B08F-970AD9304E33}.Debug|Any CPU.ActiveCfg = Debug|Any CPU
		{F351E2EA-54A1-457F-B08F-970AD9304E33}.Debug|Any CPU.Build.0 = Debug|Any CPU
		{F351E2EA-54A1-457F-B08F-970AD9304E33}.Release|Any CPU.ActiveCfg = Release|Any CPU
		{F351E2EA-54A1-457F-B08F-970AD9304E33}.Release|Any CPU.Build.0 = Release|Any CPU
		{EDF18759-C0E1-47F3-81E0-8761910A1E65}.Debug|Any CPU.ActiveCfg = Debug|Any CPU
		{EDF18759-C0E1-47F3-81E0-8761910A1E65}.Debug|Any CPU.Build.0 = Debug|Any CPU
		{EDF18759-C0E1-47F3-81E0-8761910A1E65}.Release|Any CPU.ActiveCfg = Release|Any CPU
		{EDF18759-C0E1-47F3-81E0-8761910A1E65}.Release|Any CPU.Build.0 = Release|Any CPU
	EndGlobalSection
	GlobalSection(SolutionProperties) = preSolution
		HideSolutionNode = FALSE
	EndGlobalSection
	GlobalSection(ExtensibilityGlobals) = postSolution
		SolutionGuid = {8D5ECB54-EFFE-44D0-A0D6-7CDBD5D600EF}
	EndGlobalSection
EndGlobal
